
Microsoft Visual Studio Solution File, Format Version 12.00
# Visual Studio Version 17
VisualStudioVersion = 17.5.33414.496
MinimumVisualStudioVersion = 10.0.40219.1
Project("{FAE04EC0-301F-11D3-BF4B-00C04F79EFBC}") = "B15", "B15.csproj", "{ED21C0AD-3520-4D5D-9218-772FD556C6D7}"
EndProject
Global
	GlobalSection(SolutionConfigurationPlatforms) = preSolution
		Debug|Any CPU = Debug|Any CPU
		Release|Any CPU = Release|Any CPU
	EndGlobalSection
	GlobalSection(ProjectConfigurationPlatforms) = postSolution
		{ED21C0AD-3520-4D5D-9218-772FD556C6D7}.Debug|Any CPU.ActiveCfg = Debug|Any CPU
		{ED21C0AD-3520-4D5D-9218-772FD556C6D7}.Debug|Any CPU.Build.0 = Debug|Any CPU
		{ED21C0AD-3520-4D5D-9218-772FD556C6D7}.Release|Any CPU.ActiveCfg = Release|Any CPU
		{ED21C0AD-3520-4D5D-9218-772FD556C6D7}.Release|Any CPU.Build.0 = Release|Any CPU
	EndGlobalSection
	GlobalSection(SolutionProperties) = preSolution
		HideSolutionNode = FALSE
	EndGlobalSection
	GlobalSection(ExtensibilityGlobals) = postSolution
		SolutionGuid = {F2993962-30BB-4311-8EB6-1C5138E3C413}
	EndGlobalSection
EndGlobal
